
Microsoft Visual Studio Solution File, Format Version 12.00
# Visual Studio Version 17
VisualStudioVersion = 17.8.34330.188
MinimumVisualStudioVersion = 10.0.40219.1
Project("{FAE04EC0-301F-11D3-BF4B-00C04F79EFBC}") = "RoleBaseAuthentication", "RoleBaseAuthentication\RoleBaseAuthentication.csproj", "{F06340D7-AE22-4552-8834-052284D4680E}"
EndProject
Global
	GlobalSection(SolutionConfigurationPlatforms) = preSolution
		Debug|Any CPU = Debug|Any CPU
		Release|Any CPU = Release|Any CPU
	EndGlobalSection
	GlobalSection(ProjectConfigurationPlatforms) = postSolution
		{F06340D7-AE22-4552-8834-052284D4680E}.Debug|Any CPU.ActiveCfg = Debug|Any CPU
		{F06340D7-AE22-4552-8834-052284D4680E}.Debug|Any CPU.Build.0 = Debug|Any CPU
		{F06340D7-AE22-4552-8834-052284D4680E}.Release|Any CPU.ActiveCfg = Release|Any CPU
		{F06340D7-AE22-4552-8834-052284D4680E}.Release|Any CPU.Build.0 = Release|Any CPU
	EndGlobalSection
	GlobalSection(SolutionProperties) = preSolution
		HideSolutionNode = FALSE
	EndGlobalSection
	GlobalSection(ExtensibilityGlobals) = postSolution
		SolutionGuid = {900125B4-C65E-4E06-9057-847B949173CD}
	EndGlobalSection
EndGlobal
